// !$*UTF8*$!
{
	archiveVersion = 1;
	classes = {
	};
	objectVersion = 50;
	objects = {

/* Begin PBXBuildFile section */
		2C1E263926F679F4003AF424 /* AppDelegate.swift in Sources */ = {isa = PBXBuildFile; fileRef = 2C1E263826F679F4003AF424 /* AppDelegate.swift */; };
		2C1E263B26F679F4003AF424 /* SceneDelegate.swift in Sources */ = {isa = PBXBuildFile; fileRef = 2C1E263A26F679F4003AF424 /* SceneDelegate.swift */; };
		2C1E263D26F679F4003AF424 /* ContentView.swift in Sources */ = {isa = PBXBuildFile; fileRef = 2C1E263C26F679F4003AF424 /* ContentView.swift */; };
		2C1E263F26F679F5003AF424 /* Assets.xcassets in Resources */ = {isa = PBXBuildFile; fileRef = 2C1E263E26F679F5003AF424 /* Assets.xcassets */; };
		2C1E264226F679F5003AF424 /* Preview Assets.xcassets in Resources */ = {isa = PBXBuildFile; fileRef = 2C1E264126F679F5003AF424 /* Preview Assets.xcassets */; };
		2C1E264526F679F5003AF424 /* LaunchScreen.storyboard in Resources */ = {isa = PBXBuildFile; fileRef = 2C1E264326F679F5003AF424 /* LaunchScreen.storyboard */; };
		2C1E264D26F67C13003AF424 /* start.txt in Resources */ = {isa = PBXBuildFile; fileRef = 2C1E264C26F67C13003AF424 /* start.txt */; };
		2C1E265126F68AFD003AF424 /* ScrumbleModel.swift in Sources */ = {isa = PBXBuildFile; fileRef = 2C1E265026F68AFD003AF424 /* ScrumbleModel.swift */; };
		2C1E265326F68B09003AF424 /* ScrumbleModelController.swift in Sources */ = {isa = PBXBuildFile; fileRef = 2C1E265226F68B09003AF424 /* ScrumbleModelController.swift */; };
/* End PBXBuildFile section */

/* Begin PBXFileReference section */
		2C1E263526F679F4003AF424 /* WordScrumble, project 5.app */ = {isa = PBXFileReference; explicitFileType = wrapper.application; includeInIndex = 0; path = "WordScrumble, project 5.app"; sourceTree = BUILT_PRODUCTS_DIR; };
		2C1E263826F679F4003AF424 /* AppDelegate.swift */ = {isa = PBXFileReference; lastKnownFileType = sourcecode.swift; path = AppDelegate.swift; sourceTree = "<group>"; };
		2C1E263A26F679F4003AF424 /* SceneDelegate.swift */ = {isa = PBXFileReference; lastKnownFileType = sourcecode.swift; path = SceneDelegate.swift; sourceTree = "<group>"; };
		2C1E263C26F679F4003AF424 /* ContentView.swift */ = {isa = PBXFileReference; lastKnownFileType = sourcecode.swift; path = ContentView.swift; sourceTree = "<group>"; };
		2C1E263E26F679F5003AF424 /* Assets.xcassets */ = {isa = PBXFileReference; lastKnownFileType = folder.assetcatalog; path = Assets.xcassets; sourceTree = "<group>"; };
		2C1E264126F679F5003AF424 /* Preview Assets.xcassets */ = {isa = PBXFileReference; lastKnownFileType = folder.assetcatalog; path = "Preview Assets.xcassets"; sourceTree = "<group>"; };
		2C1E264426F679F5003AF424 /* Base */ = {isa = PBXFileReference; lastKnownFileType = file.storyboard; name = Base; path = Base.lproj/LaunchScreen.storyboard; sourceTree = "<group>"; };
		2C1E264626F679F5003AF424 /* Info.plist */ = {isa = PBXFileReference; lastKnownFileType = text.plist.xml; path = Info.plist; sourceTree = "<group>"; };
		2C1E264C26F67C13003AF424 /* start.txt */ = {isa = PBXFileReference; fileEncoding = 4; lastKnownFileType = text; path = start.txt; sourceTree = "<group>"; };
		2C1E265026F68AFD003AF424 /* ScrumbleModel.swift */ = {isa = PBXFileReference; indentWidth = 2; lastKnownFileType = sourcecode.swift; path = ScrumbleModel.swift; sourceTree = "<group>"; };
		2C1E265226F68B09003AF424 /* ScrumbleModelController.swift */ = {isa = PBXFileReference; lastKnownFileType = sourcecode.swift; path = ScrumbleModelController.swift; sourceTree = "<group>"; };
/* End PBXFileReference section */

/* Begin PBXFrameworksBuildPhase section */
		2C1E263226F679F4003AF424 /* Frameworks */ = {
			isa = PBXFrameworksBuildPhase;
			buildActionMask = 2147483647;
			files = (
			);
			runOnlyForDeploymentPostprocessing = 0;
		};
/* End PBXFrameworksBuildPhase section */

/* Begin PBXGroup section */
		2C1E262C26F679F4003AF424 = {
			isa = PBXGroup;
			children = (
				2C1E263726F679F4003AF424 /* WordScrumble, project 5 */,
				2C1E263626F679F4003AF424 /* Products */,
			);
			indentWidth = 2;
			sourceTree = "<group>";
			tabWidth = 2;
		};
		2C1E263626F679F4003AF424 /* Products */ = {
			isa = PBXGroup;
			children = (
				2C1E263526F679F4003AF424 /* WordScrumble, project 5.app */,
			);
			name = Products;
			sourceTree = "<group>";
		};
		2C1E263726F679F4003AF424 /* WordScrumble, project 5 */ = {
			isa = PBXGroup;
			children = (
				2C1E264F26F68AE7003AF424 /* Models */,
				2C1E263826F679F4003AF424 /* AppDelegate.swift */,
				2C1E263A26F679F4003AF424 /* SceneDelegate.swift */,
				2C1E263C26F679F4003AF424 /* ContentView.swift */,
				2C1E263E26F679F5003AF424 /* Assets.xcassets */,
				2C1E264326F679F5003AF424 /* LaunchScreen.storyboard */,
				2C1E264626F679F5003AF424 /* Info.plist */,
				2C1E264C26F67C13003AF424 /* start.txt */,
				2C1E264026F679F5003AF424 /* Preview Content */,
			);
			path = "WordScrumble, project 5";
			sourceTree = "<group>";
		};
		2C1E264026F679F5003AF424 /* Preview Content */ = {
			isa = PBXGroup;
			children = (
				2C1E264126F679F5003AF424 /* Preview Assets.xcassets */,
			);
			path = "Preview Content";
			sourceTree = "<group>";
		};
		2C1E264F26F68AE7003AF424 /* Models */ = {
			isa = PBXGroup;
			children = (
				2C1E265026F68AFD003AF424 /* ScrumbleModel.swift */,
				2C1E265226F68B09003AF424 /* ScrumbleModelController.swift */,
			);
			path = Models;
			sourceTree = "<group>";
		};
/* End PBXGroup section */

/* Begin PBXNativeTarget section */
		2C1E263426F679F4003AF424 /* WordScrumble, project 5 */ = {
			isa = PBXNativeTarget;
			buildConfigurationList = 2C1E264926F679F5003AF424 /* Build configuration list for PBXNativeTarget "WordScrumble, project 5" */;
			buildPhases = (
				2C1E263126F679F4003AF424 /* Sources */,
				2C1E263226F679F4003AF424 /* Frameworks */,
				2C1E263326F679F4003AF424 /* Resources */,
			);
			buildRules = (
			);
			dependencies = (
			);
			name = "WordScrumble, project 5";
			productName = "WordScrumble, project 5";
			productReference = 2C1E263526F679F4003AF424 /* WordScrumble, project 5.app */;
			productType = "com.apple.product-type.application";
		};
/* End PBXNativeTarget section */

/* Begin PBXProject section */
		2C1E262D26F679F4003AF424 /* Project object */ = {
			isa = PBXProject;
			attributes = {
				LastSwiftUpdateCheck = 1250;
				LastUpgradeCheck = 1250;
				TargetAttributes = {
					2C1E263426F679F4003AF424 = {
						CreatedOnToolsVersion = 12.5.1;
					};
				};
			};
			buildConfigurationList = 2C1E263026F679F4003AF424 /* Build configuration list for PBXProject "WordScrumble, project 5" */;
			compatibilityVersion = "Xcode 9.3";
			developmentRegion = en;
			hasScannedForEncodings = 0;
			knownRegions = (
				en,
				Base,
			);
			mainGroup = 2C1E262C26F679F4003AF424;
			productRefGroup = 2C1E263626F679F4003AF424 /* Products */;
			projectDirPath = "";
			projectRoot = "";
			targets = (
				2C1E263426F679F4003AF424 /* WordScrumble, project 5 */,
			);
		};
/* End PBXProject section */

/* Begin PBXResourcesBuildPhase section */
		2C1E263326F679F4003AF424 /* Resources */ = {
			isa = PBXResourcesBuildPhase;
			buildActionMask = 2147483647;
			files = (
				2C1E264526F679F5003AF424 /* LaunchScreen.storyboard in Resources */,
				2C1E264D26F67C13003AF424 /* start.txt in Resources */,
				2C1E264226F679F5003AF424 /* Preview Assets.xcassets in Resources */,
				2C1E263F26F679F5003AF424 /* Assets.xcassets in Resources */,
			);
			runOnlyForDeploymentPostprocessing = 0;
		};
/* End PBXResourcesBuildPhase section */

/* Begin PBXSourcesBuildPhase section */
		2C1E263126F679F4003AF424 /* Sources */ = {
			isa = PBXSourcesBuildPhase;
			buildActionMask = 2147483647;
			files = (
				2C1E265126F68AFD003AF424 /* ScrumbleModel.swift in Sources */,
				2C1E265326F68B09003AF424 /* ScrumbleModelController.swift in Sources */,
				2C1E263926F679F4003AF424 /* AppDelegate.swift in Sources */,
				2C1E263B26F679F4003AF424 /* SceneDelegate.swift in Sources */,
				2C1E263D26F679F4003AF424 /* ContentView.swift in Sources */,
			);
			runOnlyForDeploymentPostprocessing = 0;
		};
/* End PBXSourcesBuildPhase section */

/* Begin PBXVariantGroup section */
		2C1E264326F679F5003AF424 /* LaunchScreen.storyboard */ = {
			isa = PBXVariantGroup;
			children = (
				2C1E264426F679F5003AF424 /* Base */,
			);
			name = LaunchScreen.storyboard;
			sourceTree = "<group>";
		};
/* End PBXVariantGroup section */

/* Begin XCBuildConfiguration section */
		2C1E264726F679F5003AF424 /* Debug */ = {
			isa = XCBuildConfiguration;
			buildSettings = {
				ALWAYS_SEARCH_USER_PATHS = NO;
				CLANG_ANALYZER_NONNULL = YES;
				CLANG_ANALYZER_NUMBER_OBJECT_CONVERSION = YES_AGGRESSIVE;
				CLANG_CXX_LANGUAGE_STANDARD = "gnu++14";
				CLANG_CXX_LIBRARY = "libc++";
				CLANG_ENABLE_MODULES = YES;
				CLANG_ENABLE_OBJC_ARC = YES;
				CLANG_ENABLE_OBJC_WEAK = YES;
				CLANG_WARN_BLOCK_CAPTURE_AUTORELEASING = YES;
				CLANG_WARN_BOOL_CONVERSION = YES;
				CLANG_WARN_COMMA = YES;
				CLANG_WARN_CONSTANT_CONVERSION = YES;
				CLANG_WARN_DEPRECATED_OBJC_IMPLEMENTATIONS = YES;
				CLANG_WARN_DIRECT_OBJC_ISA_USAGE = YES_ERROR;
				CLANG_WARN_DOCUMENTATION_COMMENTS = YES;
				CLANG_WARN_EMPTY_BODY = YES;
				CLANG_WARN_ENUM_CONVERSION = YES;
				CLANG_WARN_INFINITE_RECURSION = YES;
				CLANG_WARN_INT_CONVERSION = YES;
				CLANG_WARN_NON_LITERAL_NULL_CONVERSION = YES;
				CLANG_WARN_OBJC_IMPLICIT_RETAIN_SELF = YES;
				CLANG_WARN_OBJC_LITERAL_CONVERSION = YES;
				CLANG_WARN_OBJC_ROOT_CLASS = YES_ERROR;
				CLANG_WARN_QUOTED_INCLUDE_IN_FRAMEWORK_HEADER = YES;
				CLANG_WARN_RANGE_LOOP_ANALYSIS = YES;
				CLANG_WARN_STRICT_PROTOTYPES = YES;
				CLANG_WARN_SUSPICIOUS_MOVE = YES;
				CLANG_WARN_UNGUARDED_AVAILABILITY = YES_AGGRESSIVE;
				CLANG_WARN_UNREACHABLE_CODE = YES;
				CLANG_WARN__DUPLICATE_METHOD_MATCH = YES;
				COPY_PHASE_STRIP = NO;
				DEBUG_INFORMATION_FORMAT = dwarf;
				ENABLE_STRICT_OBJC_MSGSEND = YES;
				ENABLE_TESTABILITY = YES;
				GCC_C_LANGUAGE_STANDARD = gnu11;
				GCC_DYNAMIC_NO_PIC = NO;
				GCC_NO_COMMON_BLOCKS = YES;
				GCC_OPTIMIZATION_LEVEL = 0;
				GCC_PREPROCESSOR_DEFINITIONS = (
					"DEBUG=1",
					"$(inherited)",
				);
				GCC_WARN_64_TO_32_BIT_CONVERSION = YES;
				GCC_WARN_ABOUT_RETURN_TYPE = YES_ERROR;
				GCC_WARN_UNDECLARED_SELECTOR = YES;
				GCC_WARN_UNINITIALIZED_AUTOS = YES_AGGRESSIVE;
				GCC_WARN_UNUSED_FUNCTION = YES;
				GCC_WARN_UNUSED_VARIABLE = YES;
				IPHONEOS_DEPLOYMENT_TARGET = 14.5;
				MTL_ENABLE_DEBUG_INFO = INCLUDE_SOURCE;
				MTL_FAST_MATH = YES;
				ONLY_ACTIVE_ARCH = YES;
				SDKROOT = iphoneos;
				SWIFT_ACTIVE_COMPILATION_CONDITIONS = DEBUG;
				SWIFT_OPTIMIZATION_LEVEL = "-Onone";
			};
			name = Debug;
		};
		2C1E264826F679F5003AF424 /* Release */ = {
			isa = XCBuildConfiguration;
			buildSettings = {
				ALWAYS_SEARCH_USER_PATHS = NO;
				CLANG_ANALYZER_NONNULL = YES;
				CLANG_ANALYZER_NUMBER_OBJECT_CONVERSION = YES_AGGRESSIVE;
				CLANG_CXX_LANGUAGE_STANDARD = "gnu++14";
				CLANG_CXX_LIBRARY = "libc++";
				CLANG_ENABLE_MODULES = YES;
				CLANG_ENABLE_OBJC_ARC = YES;
				CLANG_ENABLE_OBJC_WEAK = YES;
				CLANG_WARN_BLOCK_CAPTURE_AUTORELEASING = YES;
				CLANG_WARN_BOOL_CONVERSION = YES;
				CLANG_WARN_COMMA = YES;
				CLANG_WARN_CONSTANT_CONVERSION = YES;
				CLANG_WARN_DEPRECATED_OBJC_IMPLEMENTATIONS = YES;
				CLANG_WARN_DIRECT_OBJC_ISA_USAGE = YES_ERROR;
				CLANG_WARN_DOCUMENTATION_COMMENTS = YES;
				CLANG_WARN_EMPTY_BODY = YES;
				CLANG_WARN_ENUM_CONVERSION = YES;
				CLANG_WARN_INFINITE_RECURSION = YES;
				CLANG_WARN_INT_CONVERSION = YES;
				CLANG_WARN_NON_LITERAL_NULL_CONVERSION = YES;
				CLANG_WARN_OBJC_IMPLICIT_RETAIN_SELF = YES;
				CLANG_WARN_OBJC_LITERAL_CONVERSION = YES;
				CLANG_WARN_OBJC_ROOT_CLASS = YES_ERROR;
				CLANG_WARN_QUOTED_INCLUDE_IN_FRAMEWORK_HEADER = YES;
				CLANG_WARN_RANGE_LOOP_ANALYSIS = YES;
				CLANG_WARN_STRICT_PROTOTYPES = YES;
				CLANG_WARN_SUSPICIOUS_MOVE = YES;
				CLANG_WARN_UNGUARDED_AVAILABILITY = YES_AGGRESSIVE;
				CLANG_WARN_UNREACHABLE_CODE = YES;
				CLANG_WARN__DUPLICATE_METHOD_MATCH = YES;
				COPY_PHASE_STRIP = NO;
				DEBUG_INFORMATION_FORMAT = "dwarf-with-dsym";
				ENABLE_NS_ASSERTIONS = NO;
				ENABLE_STRICT_OBJC_MSGSEND = YES;
				GCC_C_LANGUAGE_STANDARD = gnu11;
				GCC_NO_COMMON_BLOCKS = YES;
				GCC_WARN_64_TO_32_BIT_CONVERSION = YES;
				GCC_WARN_ABOUT_RETURN_TYPE = YES_ERROR;
				GCC_WARN_UNDECLARED_SELECTOR = YES;
				GCC_WARN_UNINITIALIZED_AUTOS = YES_AGGRESSIVE;
				GCC_WARN_UNUSED_FUNCTION = YES;
				GCC_WARN_UNUSED_VARIABLE = YES;
				IPHONEOS_DEPLOYMENT_TARGET = 14.5;
				MTL_ENABLE_DEBUG_INFO = NO;
				MTL_FAST_MATH = YES;
				SDKROOT = iphoneos;
				SWIFT_COMPILATION_MODE = wholemodule;
				SWIFT_OPTIMIZATION_LEVEL = "-O";
				VALIDATE_PRODUCT = YES;
			};
			name = Release;
		};
		2C1E264A26F679F5003AF424 /* Debug */ = {
			isa = XCBuildConfiguration;
			buildSettings = {
				ASSETCATALOG_COMPILER_APPICON_NAME = AppIcon;
				ASSETCATALOG_COMPILER_GLOBAL_ACCENT_COLOR_NAME = AccentColor;
				CODE_SIGN_STYLE = Automatic;
				DEVELOPMENT_ASSET_PATHS = "\"WordScrumble, project 5/Preview Content\"";
				DEVELOPMENT_TEAM = 66QU74C344;
				ENABLE_PREVIEWS = YES;
				INFOPLIST_FILE = "WordScrumble, project 5/Info.plist";
				LD_RUNPATH_SEARCH_PATHS = (
					"$(inherited)",
					"@executable_path/Frameworks",
				);
				PRODUCT_BUNDLE_IDENTIFIER = "com.ivanstajcer.WordScrumble--project-5";
				PRODUCT_NAME = "$(TARGET_NAME)";
				SWIFT_VERSION = 5.0;
				TARGETED_DEVICE_FAMILY = "1,2";
			};
			name = Debug;
		};
		2C1E264B26F679F5003AF424 /* Release */ = {
			isa = XCBuildConfiguration;
			buildSettings = {
				ASSETCATALOG_COMPILER_APPICON_NAME = AppIcon;
				ASSETCATALOG_COMPILER_GLOBAL_ACCENT_COLOR_NAME = AccentColor;
				CODE_SIGN_STYLE = Automatic;
				DEVELOPMENT_ASSET_PATHS = "\"WordScrumble, project 5/Preview Content\"";
				DEVELOPMENT_TEAM = 66QU74C344;
				ENABLE_PREVIEWS = YES;
				INFOPLIST_FILE = "WordScrumble, project 5/Info.plist";
				LD_RUNPATH_SEARCH_PATHS = (
					"$(inherited)",
					"@executable_path/Frameworks",
				);
				PRODUCT_BUNDLE_IDENTIFIER = "com.ivanstajcer.WordScrumble--project-5";
				PRODUCT_NAME = "$(TARGET_NAME)";
				SWIFT_VERSION = 5.0;
				TARGETED_DEVICE_FAMILY = "1,2";
			};
			name = Release;
		};
/* End XCBuildConfiguration section */

/* Begin XCConfigurationList section */
		2C1E263026F679F4003AF424 /* Build configuration list for PBXProject "WordScrumble, project 5" */ = {
			isa = XCConfigurationList;
			buildConfigurations = (
				2C1E264726F679F5003AF424 /* Debug */,
				2C1E264826F679F5003AF424 /* Release */,
			);
			defaultConfigurationIsVisible = 0;
			defaultConfigurationName = Release;
		};
		2C1E264926F679F5003AF424 /* Build configuration list for PBXNativeTarget "WordScrumble, project 5" */ = {
			isa = XCConfigurationList;
			buildConfigurations = (
				2C1E264A26F679F5003AF424 /* Debug */,
				2C1E264B26F679F5003AF424 /* Release */,
			);
			defaultConfigurationIsVisible = 0;
			defaultConfigurationName = Release;
		};
/* End XCConfigurationList section */
	};
	rootObject = 2C1E262D26F679F4003AF424 /* Project object */;
}
